// !$*UTF8*$!
{
	archiveVersion = 1;
	classes = {
	};
	objectVersion = 46;
	objects = {

/* Begin PBXBuildFile section */
		A25038D619F9202600F92149 /* AppDelegate.swift in Sources */ = {isa = PBXBuildFile; fileRef = A25038D519F9202600F92149 /* AppDelegate.swift */; };
		A25038D819F9202600F92149 /* ViewController.swift in Sources */ = {isa = PBXBuildFile; fileRef = A25038D719F9202600F92149 /* ViewController.swift */; };
		A25038DB19F9202600F92149 /* Main.storyboard in Resources */ = {isa = PBXBuildFile; fileRef = A25038D919F9202600F92149 /* Main.storyboard */; };
		A25038DD19F9202600F92149 /* Images.xcassets in Resources */ = {isa = PBXBuildFile; fileRef = A25038DC19F9202600F92149 /* Images.xcassets */; };
		A25038E019F9202600F92149 /* LaunchScreen.xib in Resources */ = {isa = PBXBuildFile; fileRef = A25038DE19F9202600F92149 /* LaunchScreen.xib */; };
		A25038EC19F9202600F92149 /* LocalNotificationTests.swift in Sources */ = {isa = PBXBuildFile; fileRef = A25038EB19F9202600F92149 /* LocalNotificationTests.swift */; };
/* End PBXBuildFile section */

/* Begin PBXContainerItemProxy section */
		A25038E619F9202600F92149 /* PBXContainerItemProxy */ = {
			isa = PBXContainerItemProxy;
			containerPortal = A25038C819F9202600F92149 /* Project object */;
			proxyType = 1;
			remoteGlobalIDString = A25038CF19F9202600F92149;
			remoteInfo = LocalNotification;
		};
/* End PBXContainerItemProxy section */

/* Begin PBXFileReference section */
		A25038D019F9202600F92149 /* LocalNotification.app */ = {isa = PBXFileReference; explicitFileType = wrapper.application; includeInIndex = 0; path = LocalNotification.app; sourceTree = BUILT_PRODUCTS_DIR; };
		A25038D419F9202600F92149 /* Info.plist */ = {isa = PBXFileReference; lastKnownFileType = text.plist.xml; path = Info.plist; sourceTree = "<group>"; };
		A25038D519F9202600F92149 /* AppDelegate.swift */ = {isa = PBXFileReference; lastKnownFileType = sourcecode.swift; path = AppDelegate.swift; sourceTree = "<group>"; };
		A25038D719F9202600F92149 /* ViewController.swift */ = {isa = PBXFileReference; lastKnownFileType = sourcecode.swift; path = ViewController.swift; sourceTree = "<group>"; };
		A25038DA19F9202600F92149 /* Base */ = {isa = PBXFileReference; lastKnownFileType = file.storyboard; name = Base; path = Base.lproj/Main.storyboard; sourceTree = "<group>"; };
		A25038DC19F9202600F92149 /* Images.xcassets */ = {isa = PBXFileReference; lastKnownFileType = folder.assetcatalog; path = Images.xcassets; sourceTree = "<group>"; };
		A25038DF19F9202600F92149 /* Base */ = {isa = PBXFileReference; lastKnownFileType = file.xib; name = Base; path = Base.lproj/LaunchScreen.xib; sourceTree = "<group>"; };
		A25038E519F9202600F92149 /* LocalNotificationTests.xctest */ = {isa = PBXFileReference; explicitFileType = wrapper.cfbundle; includeInIndex = 0; path = LocalNotificationTests.xctest; sourceTree = BUILT_PRODUCTS_DIR; };
		A25038EA19F9202600F92149 /* Info.plist */ = {isa = PBXFileReference; lastKnownFileType = text.plist.xml; path = Info.plist; sourceTree = "<group>"; };
		A25038EB19F9202600F92149 /* LocalNotificationTests.swift */ = {isa = PBXFileReference; lastKnownFileType = sourcecode.swift; path = LocalNotificationTests.swift; sourceTree = "<group>"; };
/* End PBXFileReference section */

/* Begin PBXFrameworksBuildPhase section */
		A25038CD19F9202600F92149 /* Frameworks */ = {
			isa = PBXFrameworksBuildPhase;
			buildActionMask = 2147483647;
			files = (
			);
			runOnlyForDeploymentPostprocessing = 0;
		};
		A25038E219F9202600F92149 /* Frameworks */ = {
			isa = PBXFrameworksBuildPhase;
			buildActionMask = 2147483647;
			files = (
			);
			runOnlyForDeploymentPostprocessing = 0;
		};
/* End PBXFrameworksBuildPhase section */

/* Begin PBXGroup section */
		A25038C719F9202600F92149 = {
			isa = PBXGroup;
			children = (
				A25038D219F9202600F92149 /* LocalNotification */,
				A25038E819F9202600F92149 /* LocalNotificationTests */,
				A25038D119F9202600F92149 /* Products */,
			);
			sourceTree = "<group>";
		};
		A25038D119F9202600F92149 /* Products */ = {
			isa = PBXGroup;
			children = (
				A25038D019F9202600F92149 /* LocalNotification.app */,
				A25038E519F9202600F92149 /* LocalNotificationTests.xctest */,
			);
			name = Products;
			sourceTree = "<group>";
		};
		A25038D219F9202600F92149 /* LocalNotification */ = {
			isa = PBXGroup;
			children = (
				A25038D519F9202600F92149 /* AppDelegate.swift */,
				A25038D719F9202600F92149 /* ViewController.swift */,
				A25038D919F9202600F92149 /* Main.storyboard */,
				A25038DC19F9202600F92149 /* Images.xcassets */,
				A25038DE19F9202600F92149 /* LaunchScreen.xib */,
				A25038D319F9202600F92149 /* Supporting Files */,
			);
			path = LocalNotification;
			sourceTree = "<group>";
		};
		A25038D319F9202600F92149 /* Supporting Files */ = {
			isa = PBXGroup;
			children = (
				A25038D419F9202600F92149 /* Info.plist */,
			);
			name = "Supporting Files";
			sourceTree = "<group>";
		};
		A25038E819F9202600F92149 /* LocalNotificationTests */ = {
			isa = PBXGroup;
			children = (
				A25038EB19F9202600F92149 /* LocalNotificationTests.swift */,
				A25038E919F9202600F92149 /* Supporting Files */,
			);
			path = LocalNotificationTests;
			sourceTree = "<group>";
		};
		A25038E919F9202600F92149 /* Supporting Files */ = {
			isa = PBXGroup;
			children = (
				A25038EA19F9202600F92149 /* Info.plist */,
			);
			name = "Supporting Files";
			sourceTree = "<group>";
		};
/* End PBXGroup section */

/* Begin PBXNativeTarget section */
		A25038CF19F9202600F92149 /* LocalNotification */ = {
			isa = PBXNativeTarget;
			buildConfigurationList = A25038EF19F9202600F92149 /* Build configuration list for PBXNativeTarget "LocalNotification" */;
			buildPhases = (
				A25038CC19F9202600F92149 /* Sources */,
				A25038CD19F9202600F92149 /* Frameworks */,
				A25038CE19F9202600F92149 /* Resources */,
			);
			buildRules = (
			);
			dependencies = (
			);
			name = LocalNotification;
			productName = LocalNotification;
			productReference = A25038D019F9202600F92149 /* LocalNotification.app */;
			productType = "com.apple.product-type.application";
		};
		A25038E419F9202600F92149 /* LocalNotificationTests */ = {
			isa = PBXNativeTarget;
			buildConfigurationList = A25038F219F9202600F92149 /* Build configuration list for PBXNativeTarget "LocalNotificationTests" */;
			buildPhases = (
				A25038E119F9202600F92149 /* Sources */,
				A25038E219F9202600F92149 /* Frameworks */,
				A25038E319F9202600F92149 /* Resources */,
			);
			buildRules = (
			);
			dependencies = (
				A25038E719F9202600F92149 /* PBXTargetDependency */,
			);
			name = LocalNotificationTests;
			productName = LocalNotificationTests;
			productReference = A25038E519F9202600F92149 /* LocalNotificationTests.xctest */;
			productType = "com.apple.product-type.bundle.unit-test";
		};
/* End PBXNativeTarget section */

/* Begin PBXProject section */
		A25038C819F9202600F92149 /* Project object */ = {
			isa = PBXProject;
			attributes = {
				LastUpgradeCheck = 0610;
				ORGANIZATIONNAME = kelly;
				TargetAttributes = {
					A25038CF19F9202600F92149 = {
						CreatedOnToolsVersion = 6.1;
					};
					A25038E419F9202600F92149 = {
						CreatedOnToolsVersion = 6.1;
						TestTargetID = A25038CF19F9202600F92149;
					};
				};
			};
			buildConfigurationList = A25038CB19F9202600F92149 /* Build configuration list for PBXProject "LocalNotification" */;
			compatibilityVersion = "Xcode 3.2";
			developmentRegion = English;
			hasScannedForEncodings = 0;
			knownRegions = (
				en,
				Base,
			);
			mainGroup = A25038C719F9202600F92149;
			productRefGroup = A25038D119F9202600F92149 /* Products */;
			projectDirPath = "";
			projectRoot = "";
			targets = (
				A25038CF19F9202600F92149 /* LocalNotification */,
				A25038E419F9202600F92149 /* LocalNotificationTests */,
			);
		};
/* End PBXProject section */

/* Begin PBXResourcesBuildPhase section */
		A25038CE19F9202600F92149 /* Resources */ = {
			isa = PBXResourcesBuildPhase;
			buildActionMask = 2147483647;
			files = (
				A25038DB19F9202600F92149 /* Main.storyboard in Resources */,
				A25038E019F9202600F92149 /* LaunchScreen.xib in Resources */,
				A25038DD19F9202600F92149 /* Images.xcassets in Resources */,
			);
			runOnlyForDeploymentPostprocessing = 0;
		};
		A25038E319F9202600F92149 /* Resources */ = {
			isa = PBXResourcesBuildPhase;
			buildActionMask = 2147483647;
			files = (
			);
			runOnlyForDeploymentPostprocessing = 0;
		};
/* End PBXResourcesBuildPhase section */

/* Begin PBXSourcesBuildPhase section */
		A25038CC19F9202600F92149 /* Sources */ = {
			isa = PBXSourcesBuildPhase;
			buildActionMask = 2147483647;
			files = (
				A25038D819F9202600F92149 /* ViewController.swift in Sources */,
				A25038D619F9202600F92149 /* AppDelegate.swift in Sources */,
			);
			runOnlyForDeploymentPostprocessing = 0;
		};
		A25038E119F9202600F92149 /* Sources */ = {
			isa = PBXSourcesBuildPhase;
			buildActionMask = 2147483647;
			files = (
				A25038EC19F9202600F92149 /* LocalNotificationTests.swift in Sources */,
			);
			runOnlyForDeploymentPostprocessing = 0;
		};
/* End PBXSourcesBuildPhase section */

/* Begin PBXTargetDependency section */
		A25038E719F9202600F92149 /* PBXTargetDependency */ = {
			isa = PBXTargetDependency;
			target = A25038CF19F9202600F92149 /* LocalNotification */;
			targetProxy = A25038E619F9202600F92149 /* PBXContainerItemProxy */;
		};
/* End PBXTargetDependency section */

/* Begin PBXVariantGroup section */
		A25038D919F9202600F92149 /* Main.storyboard */ = {
			isa = PBXVariantGroup;
			children = (
				A25038DA19F9202600F92149 /* Base */,
			);
			name = Main.storyboard;
			sourceTree = "<group>";
		};
		A25038DE19F9202600F92149 /* LaunchScreen.xib */ = {
			isa = PBXVariantGroup;
			children = (
				A25038DF19F9202600F92149 /* Base */,
			);
			name = LaunchScreen.xib;
			sourceTree = "<group>";
		};
/* End PBXVariantGroup section */

/* Begin XCBuildConfiguration section */
		A25038ED19F9202600F92149 /* Debug */ = {
			isa = XCBuildConfiguration;
			buildSettings = {
				ALWAYS_SEARCH_USER_PATHS = NO;
				CLANG_CXX_LANGUAGE_STANDARD = "gnu++0x";
				CLANG_CXX_LIBRARY = "libc++";
				CLANG_ENABLE_MODULES = YES;
				CLANG_ENABLE_OBJC_ARC = YES;
				CLANG_WARN_BOOL_CONVERSION = YES;
				CLANG_WARN_CONSTANT_CONVERSION = YES;
				CLANG_WARN_DIRECT_OBJC_ISA_USAGE = YES_ERROR;
				CLANG_WARN_EMPTY_BODY = YES;
				CLANG_WARN_ENUM_CONVERSION = YES;
				CLANG_WARN_INT_CONVERSION = YES;
				CLANG_WARN_OBJC_ROOT_CLASS = YES_ERROR;
				CLANG_WARN_UNREACHABLE_CODE = YES;
				CLANG_WARN__DUPLICATE_METHOD_MATCH = YES;
				"CODE_SIGN_IDENTITY[sdk=iphoneos*]" = "iPhone Developer";
				COPY_PHASE_STRIP = NO;
				ENABLE_STRICT_OBJC_MSGSEND = YES;
				GCC_C_LANGUAGE_STANDARD = gnu99;
				GCC_DYNAMIC_NO_PIC = NO;
				GCC_OPTIMIZATION_LEVEL = 0;
				GCC_PREPROCESSOR_DEFINITIONS = (
					"DEBUG=1",
					"$(inherited)",
				);
				GCC_SYMBOLS_PRIVATE_EXTERN = NO;
				GCC_WARN_64_TO_32_BIT_CONVERSION = YES;
				GCC_WARN_ABOUT_RETURN_TYPE = YES_ERROR;
				GCC_WARN_UNDECLARED_SELECTOR = YES;
				GCC_WARN_UNINITIALIZED_AUTOS = YES_AGGRESSIVE;
				GCC_WARN_UNUSED_FUNCTION = YES;
				GCC_WARN_UNUSED_VARIABLE = YES;
				IPHONEOS_DEPLOYMENT_TARGET = 8.1;
				MTL_ENABLE_DEBUG_INFO = YES;
				ONLY_ACTIVE_ARCH = YES;
				SDKROOT = iphoneos;
				SWIFT_OPTIMIZATION_LEVEL = "-Onone";
				TARGETED_DEVICE_FAMILY = "1,2";
			};
			name = Debug;
		};
		A25038EE19F9202600F92149 /* Release */ = {
			isa = XCBuildConfiguration;
			buildSettings = {
				ALWAYS_SEARCH_USER_PATHS = NO;
				CLANG_CXX_LANGUAGE_STANDARD = "gnu++0x";
				CLANG_CXX_LIBRARY = "libc++";
				CLANG_ENABLE_MODULES = YES;
				CLANG_ENABLE_OBJC_ARC = YES;
				CLANG_WARN_BOOL_CONVERSION = YES;
				CLANG_WARN_CONSTANT_CONVERSION = YES;
				CLANG_WARN_DIRECT_OBJC_ISA_USAGE = YES_ERROR;
				CLANG_WARN_EMPTY_BODY = YES;
				CLANG_WARN_ENUM_CONVERSION = YES;
				CLANG_WARN_INT_CONVERSION = YES;
				CLANG_WARN_OBJC_ROOT_CLASS = YES_ERROR;
				CLANG_WARN_UNREACHABLE_CODE = YES;
				CLANG_WARN__DUPLICATE_METHOD_MATCH = YES;
				"CODE_SIGN_IDENTITY[sdk=iphoneos*]" = "iPhone Developer";
				COPY_PHASE_STRIP = YES;
				ENABLE_NS_ASSERTIONS = NO;
				ENABLE_STRICT_OBJC_MSGSEND = YES;
				GCC_C_LANGUAGE_STANDARD = gnu99;
				GCC_WARN_64_TO_32_BIT_CONVERSION = YES;
				GCC_WARN_ABOUT_RETURN_TYPE = YES_ERROR;
				GCC_WARN_UNDECLARED_SELECTOR = YES;
				GCC_WARN_UNINITIALIZED_AUTOS = YES_AGGRESSIVE;
				GCC_WARN_UNUSED_FUNCTION = YES;
				GCC_WARN_UNUSED_VARIABLE = YES;
				IPHONEOS_DEPLOYMENT_TARGET = 8.1;
				MTL_ENABLE_DEBUG_INFO = NO;
				SDKROOT = iphoneos;
				TARGETED_DEVICE_FAMILY = "1,2";
				VALIDATE_PRODUCT = YES;
			};
			name = Release;
		};
		A25038F019F9202600F92149 /* Debug */ = {
			isa = XCBuildConfiguration;
			buildSettings = {
				ASSETCATALOG_COMPILER_APPICON_NAME = AppIcon;
				INFOPLIST_FILE = LocalNotification/Info.plist;
				LD_RUNPATH_SEARCH_PATHS = "$(inherited) @executable_path/Frameworks";
				PRODUCT_NAME = "$(TARGET_NAME)";
			};
			name = Debug;
		};
		A25038F119F9202600F92149 /* Release */ = {
			isa = XCBuildConfiguration;
			buildSettings = {
				ASSETCATALOG_COMPILER_APPICON_NAME = AppIcon;
				INFOPLIST_FILE = LocalNotification/Info.plist;
				LD_RUNPATH_SEARCH_PATHS = "$(inherited) @executable_path/Frameworks";
				PRODUCT_NAME = "$(TARGET_NAME)";
			};
			name = Release;
		};
		A25038F319F9202600F92149 /* Debug */ = {
			isa = XCBuildConfiguration;
			buildSettings = {
				BUNDLE_LOADER = "$(TEST_HOST)";
				FRAMEWORK_SEARCH_PATHS = (
					"$(SDKROOT)/Developer/Library/Frameworks",
					"$(inherited)",
				);
				GCC_PREPROCESSOR_DEFINITIONS = (
					"DEBUG=1",
					"$(inherited)",
				);
				INFOPLIST_FILE = LocalNotificationTests/Info.plist;
				LD_RUNPATH_SEARCH_PATHS = "$(inherited) @executable_path/Frameworks @loader_path/Frameworks";
				PRODUCT_NAME = "$(TARGET_NAME)";
				TEST_HOST = "$(BUILT_PRODUCTS_DIR)/LocalNotification.app/LocalNotification";
			};
			name = Debug;
		};
		A25038F419F9202600F92149 /* Release */ = {
			isa = XCBuildConfiguration;
			buildSettings = {
				BUNDLE_LOADER = "$(TEST_HOST)";
				FRAMEWORK_SEARCH_PATHS = (
					"$(SDKROOT)/Developer/Library/Frameworks",
					"$(inherited)",
				);
				INFOPLIST_FILE = LocalNotificationTests/Info.plist;
				LD_RUNPATH_SEARCH_PATHS = "$(inherited) @executable_path/Frameworks @loader_path/Frameworks";
				PRODUCT_NAME = "$(TARGET_NAME)";
				TEST_HOST = "$(BUILT_PRODUCTS_DIR)/LocalNotification.app/LocalNotification";
			};
			name = Release;
		};
/* End XCBuildConfiguration section */

/* Begin XCConfigurationList section */
		A25038CB19F9202600F92149 /* Build configuration list for PBXProject "LocalNotification" */ = {
			isa = XCConfigurationList;
			buildConfigurations = (
				A25038ED19F9202600F92149 /* Debug */,
				A25038EE19F9202600F92149 /* Release */,
			);
			defaultConfigurationIsVisible = 0;
			defaultConfigurationName = Release;
		};
		A25038EF19F9202600F92149 /* Build configuration list for PBXNativeTarget "LocalNotification" */ = {
			isa = XCConfigurationList;
			buildConfigurations = (
				A25038F019F9202600F92149 /* Debug */,
				A25038F119F9202600F92149 /* Release */,
			);
			defaultConfigurationIsVisible = 0;
		};
		A25038F219F9202600F92149 /* Build configuration list for PBXNativeTarget "LocalNotificationTests" */ = {
			isa = XCConfigurationList;
			buildConfigurations = (
				A25038F319F9202600F92149 /* Debug */,
				A25038F419F9202600F92149 /* Release */,
			);
			defaultConfigurationIsVisible = 0;
		};
/* End XCConfigurationList section */
	};
	rootObject = A25038C819F9202600F92149 /* Project object */;
}
